
Microsoft Visual Studio Solution File, Format Version 12.00
# Visual Studio Version 17
VisualStudioVersion = 17.7.34009.444
MinimumVisualStudioVersion = 10.0.40219.1
Project("{9A19103F-16F7-4668-BE54-9A1E7A4F7556}") = "TinyURL", "TinyURL\TinyURL.csproj", "{1C9FA069-78EA-4B50-A726-9B0325C4E295}"
EndProject
Project("{2150E333-8FDC-42A3-9474-1A3956D46DE8}") = "src", "src", "{1EF8A0DC-6BE1-469D-9CC9-2DD2358D5DBD}"
EndProject
Project("{9A19103F-16F7-4668-BE54-9A1E7A4F7556}") = "TinyURL.Core", "TinyURL.Application\TinyURL.Core.csproj", "{6E53AE00-131B-407D-990C-FA4F2060FE6A}"
EndProject
Project("{9A19103F-16F7-4668-BE54-9A1E7A4F7556}") = "TinyURL.Infrastructure", "TinyURL.Infrastructure\TinyURL.Infrastructure.csproj", "{21D81F69-6889-4243-8ED6-FDFC195324C6}"
EndProject
Project("{2150E333-8FDC-42A3-9474-1A3956D46DE8}") = "tests", "tests", "{09E73082-D7A9-42FA-9178-5559607337C0}"
EndProject
Project("{2150E333-8FDC-42A3-9474-1A3956D46DE8}") = "UnitTests", "UnitTests", "{05FA0D12-36F4-40D5-BE4C-69E3AA2B1FD9}"
EndProject
Project("{2150E333-8FDC-42A3-9474-1A3956D46DE8}") = "IntegrationTests", "IntegrationTests", "{B895659C-FAE3-4A66-A04A-B37CD38CAAA4}"
EndProject
Project("{9A19103F-16F7-4668-BE54-9A1E7A4F7556}") = "TinyURL.Core.Tests", "TinyURL.Core.Tests\TinyURL.Core.Tests.csproj", "{8AD99189-58DD-483D-864D-3DBBEE701681}"
EndProject
Project("{9A19103F-16F7-4668-BE54-9A1E7A4F7556}") = "TinyURL.Infrastructure.Tests", "TinyURL.Infrastructure.Tests\TinyURL.Infrastructure.Tests.csproj", "{D6C406A2-F668-460B-93FE-B19BEA8C027D}"
EndProject
Project("{9A19103F-16F7-4668-BE54-9A1E7A4F7556}") = "TinyURL.Tests", "TinyURL.Tests\TinyURL.Tests.csproj", "{81B89213-BCE1-40F6-A7C1-4147B29B2B92}"
EndProject
Project("{9A19103F-16F7-4668-BE54-9A1E7A4F7556}") = "TinyURL.Core.IntergrationTests", "TinyURL.Core.IntergrationTests\TinyURL.Core.IntergrationTests.csproj", "{5E19B821-78CE-4AE5-949B-D80876F6503B}"
EndProject
Global
	GlobalSection(SolutionConfigurationPlatforms) = preSolution
		Debug|Any CPU = Debug|Any CPU
		Release|Any CPU = Release|Any CPU
	EndGlobalSection
	GlobalSection(ProjectConfigurationPlatforms) = postSolution
		{1C9FA069-78EA-4B50-A726-9B0325C4E295}.Debug|Any CPU.ActiveCfg = Debug|Any CPU
		{1C9FA069-78EA-4B50-A726-9B0325C4E295}.Debug|Any CPU.Build.0 = Debug|Any CPU
		{1C9FA069-78EA-4B50-A726-9B0325C4E295}.Release|Any CPU.ActiveCfg = Release|Any CPU
		{1C9FA069-78EA-4B50-A726-9B0325C4E295}.Release|Any CPU.Build.0 = Release|Any CPU
		{6E53AE00-131B-407D-990C-FA4F2060FE6A}.Debug|Any CPU.ActiveCfg = Debug|Any CPU
		{6E53AE00-131B-407D-990C-FA4F2060FE6A}.Debug|Any CPU.Build.0 = Debug|Any CPU
		{6E53AE00-131B-407D-990C-FA4F2060FE6A}.Release|Any CPU.ActiveCfg = Release|Any CPU
		{6E53AE00-131B-407D-990C-FA4F2060FE6A}.Release|Any CPU.Build.0 = Release|Any CPU
		{21D81F69-6889-4243-8ED6-FDFC195324C6}.Debug|Any CPU.ActiveCfg = Debug|Any CPU
		{21D81F69-6889-4243-8ED6-FDFC195324C6}.Debug|Any CPU.Build.0 = Debug|Any CPU
		{21D81F69-6889-4243-8ED6-FDFC195324C6}.Release|Any CPU.ActiveCfg = Release|Any CPU
		{21D81F69-6889-4243-8ED6-FDFC195324C6}.Release|Any CPU.Build.0 = Release|Any CPU
		{8AD99189-58DD-483D-864D-3DBBEE701681}.Debug|Any CPU.ActiveCfg = Debug|Any CPU
		{8AD99189-58DD-483D-864D-3DBBEE701681}.Debug|Any CPU.Build.0 = Debug|Any CPU
		{8AD99189-58DD-483D-864D-3DBBEE701681}.Release|Any CPU.ActiveCfg = Release|Any CPU
		{8AD99189-58DD-483D-864D-3DBBEE701681}.Release|Any CPU.Build.0 = Release|Any CPU
		{D6C406A2-F668-460B-93FE-B19BEA8C027D}.Debug|Any CPU.ActiveCfg = Debug|Any CPU
		{D6C406A2-F668-460B-93FE-B19BEA8C027D}.Debug|Any CPU.Build.0 = Debug|Any CPU
		{D6C406A2-F668-460B-93FE-B19BEA8C027D}.Release|Any CPU.ActiveCfg = Release|Any CPU
		{D6C406A2-F668-460B-93FE-B19BEA8C027D}.Release|Any CPU.Build.0 = Release|Any CPU
		{81B89213-BCE1-40F6-A7C1-4147B29B2B92}.Debug|Any CPU.ActiveCfg = Debug|Any CPU
		{81B89213-BCE1-40F6-A7C1-4147B29B2B92}.Debug|Any CPU.Build.0 = Debug|Any CPU
		{81B89213-BCE1-40F6-A7C1-4147B29B2B92}.Release|Any CPU.ActiveCfg = Release|Any CPU
		{81B89213-BCE1-40F6-A7C1-4147B29B2B92}.Release|Any CPU.Build.0 = Release|Any CPU
		{5E19B821-78CE-4AE5-949B-D80876F6503B}.Debug|Any CPU.ActiveCfg = Debug|Any CPU
		{5E19B821-78CE-4AE5-949B-D80876F6503B}.Debug|Any CPU.Build.0 = Debug|Any CPU
		{5E19B821-78CE-4AE5-949B-D80876F6503B}.Release|Any CPU.ActiveCfg = Release|Any CPU
		{5E19B821-78CE-4AE5-949B-D80876F6503B}.Release|Any CPU.Build.0 = Release|Any CPU
	EndGlobalSection
	GlobalSection(SolutionProperties) = preSolution
		HideSolutionNode = FALSE
	EndGlobalSection
	GlobalSection(NestedProjects) = preSolution
		{1C9FA069-78EA-4B50-A726-9B0325C4E295} = {1EF8A0DC-6BE1-469D-9CC9-2DD2358D5DBD}
		{6E53AE00-131B-407D-990C-FA4F2060FE6A} = {1EF8A0DC-6BE1-469D-9CC9-2DD2358D5DBD}
		{21D81F69-6889-4243-8ED6-FDFC195324C6} = {1EF8A0DC-6BE1-469D-9CC9-2DD2358D5DBD}
		{05FA0D12-36F4-40D5-BE4C-69E3AA2B1FD9} = {09E73082-D7A9-42FA-9178-5559607337C0}
		{B895659C-FAE3-4A66-A04A-B37CD38CAAA4} = {09E73082-D7A9-42FA-9178-5559607337C0}
		{8AD99189-58DD-483D-864D-3DBBEE701681} = {05FA0D12-36F4-40D5-BE4C-69E3AA2B1FD9}
		{D6C406A2-F668-460B-93FE-B19BEA8C027D} = {05FA0D12-36F4-40D5-BE4C-69E3AA2B1FD9}
		{81B89213-BCE1-40F6-A7C1-4147B29B2B92} = {05FA0D12-36F4-40D5-BE4C-69E3AA2B1FD9}
		{5E19B821-78CE-4AE5-949B-D80876F6503B} = {B895659C-FAE3-4A66-A04A-B37CD38CAAA4}
	EndGlobalSection
	GlobalSection(ExtensibilityGlobals) = postSolution
		SolutionGuid = {CFC0DA2A-F33C-4F13-948F-DBFED57D2428}
	EndGlobalSection
EndGlobal
